// !$*UTF8*$!
{
	archiveVersion = 1;
	classes = {
	};
	objectVersion = 46;
	objects = {

/* Begin PBXBuildFile section */
		180155C81F45BA5100B5D867 /* AppDelegate.swift in Sources */ = {isa = PBXBuildFile; fileRef = 180155C71F45BA5100B5D867 /* AppDelegate.swift */; };
		180155CA1F45BA5100B5D867 /* ViewController.swift in Sources */ = {isa = PBXBuildFile; fileRef = 180155C91F45BA5100B5D867 /* ViewController.swift */; };
		180155CD1F45BA5100B5D867 /* Main.storyboard in Resources */ = {isa = PBXBuildFile; fileRef = 180155CB1F45BA5100B5D867 /* Main.storyboard */; };
		180155CF1F45BA5100B5D867 /* Assets.xcassets in Resources */ = {isa = PBXBuildFile; fileRef = 180155CE1F45BA5100B5D867 /* Assets.xcassets */; };
		180155D21F45BA5100B5D867 /* LaunchScreen.storyboard in Resources */ = {isa = PBXBuildFile; fileRef = 180155D01F45BA5100B5D867 /* LaunchScreen.storyboard */; };
		180155DD1F45BA5200B5D867 /* ChatTests.swift in Sources */ = {isa = PBXBuildFile; fileRef = 180155DC1F45BA5200B5D867 /* ChatTests.swift */; };
		180155E81F45BA5200B5D867 /* ChatUITests.swift in Sources */ = {isa = PBXBuildFile; fileRef = 180155E71F45BA5200B5D867 /* ChatUITests.swift */; };
		180155F61F45C0A200B5D867 /* RuteTabBarController.swift in Sources */ = {isa = PBXBuildFile; fileRef = 180155F51F45C0A200B5D867 /* RuteTabBarController.swift */; };
		180155F81F45C44600B5D867 /* LeftViewController.swift in Sources */ = {isa = PBXBuildFile; fileRef = 180155F71F45C44600B5D867 /* LeftViewController.swift */; };
		180155FA1F45C45E00B5D867 /* MiddleViewController.swift in Sources */ = {isa = PBXBuildFile; fileRef = 180155F91F45C45E00B5D867 /* MiddleViewController.swift */; };
		180155FC1F45C47500B5D867 /* RightViewController.swift in Sources */ = {isa = PBXBuildFile; fileRef = 180155FB1F45C47500B5D867 /* RightViewController.swift */; };
		180155FE1F45CE7900B5D867 /* SettingViewController.swift in Sources */ = {isa = PBXBuildFile; fileRef = 180155FD1F45CE7900B5D867 /* SettingViewController.swift */; };
/* End PBXBuildFile section */

/* Begin PBXContainerItemProxy section */
		180155D91F45BA5200B5D867 /* PBXContainerItemProxy */ = {
			isa = PBXContainerItemProxy;
			containerPortal = 180155BC1F45BA5100B5D867 /* Project object */;
			proxyType = 1;
			remoteGlobalIDString = 180155C31F45BA5100B5D867;
			remoteInfo = Chat;
		};
		180155E41F45BA5200B5D867 /* PBXContainerItemProxy */ = {
			isa = PBXContainerItemProxy;
			containerPortal = 180155BC1F45BA5100B5D867 /* Project object */;
			proxyType = 1;
			remoteGlobalIDString = 180155C31F45BA5100B5D867;
			remoteInfo = Chat;
		};
/* End PBXContainerItemProxy section */

/* Begin PBXFileReference section */
		180155C41F45BA5100B5D867 /* Chat.app */ = {isa = PBXFileReference; explicitFileType = wrapper.application; includeInIndex = 0; path = Chat.app; sourceTree = BUILT_PRODUCTS_DIR; };
		180155C71F45BA5100B5D867 /* AppDelegate.swift */ = {isa = PBXFileReference; lastKnownFileType = sourcecode.swift; path = AppDelegate.swift; sourceTree = "<group>"; };
		180155C91F45BA5100B5D867 /* ViewController.swift */ = {isa = PBXFileReference; lastKnownFileType = sourcecode.swift; path = ViewController.swift; sourceTree = "<group>"; };
		180155CC1F45BA5100B5D867 /* Base */ = {isa = PBXFileReference; lastKnownFileType = file.storyboard; name = Base; path = Base.lproj/Main.storyboard; sourceTree = "<group>"; };
		180155CE1F45BA5100B5D867 /* Assets.xcassets */ = {isa = PBXFileReference; lastKnownFileType = folder.assetcatalog; path = Assets.xcassets; sourceTree = "<group>"; };
		180155D11F45BA5100B5D867 /* Base */ = {isa = PBXFileReference; lastKnownFileType = file.storyboard; name = Base; path = Base.lproj/LaunchScreen.storyboard; sourceTree = "<group>"; };
		180155D31F45BA5100B5D867 /* Info.plist */ = {isa = PBXFileReference; lastKnownFileType = text.plist.xml; path = Info.plist; sourceTree = "<group>"; };
		180155D81F45BA5200B5D867 /* ChatTests.xctest */ = {isa = PBXFileReference; explicitFileType = wrapper.cfbundle; includeInIndex = 0; path = ChatTests.xctest; sourceTree = BUILT_PRODUCTS_DIR; };
		180155DC1F45BA5200B5D867 /* ChatTests.swift */ = {isa = PBXFileReference; lastKnownFileType = sourcecode.swift; path = ChatTests.swift; sourceTree = "<group>"; };
		180155DE1F45BA5200B5D867 /* Info.plist */ = {isa = PBXFileReference; lastKnownFileType = text.plist.xml; path = Info.plist; sourceTree = "<group>"; };
		180155E31F45BA5200B5D867 /* ChatUITests.xctest */ = {isa = PBXFileReference; explicitFileType = wrapper.cfbundle; includeInIndex = 0; path = ChatUITests.xctest; sourceTree = BUILT_PRODUCTS_DIR; };
		180155E71F45BA5200B5D867 /* ChatUITests.swift */ = {isa = PBXFileReference; lastKnownFileType = sourcecode.swift; path = ChatUITests.swift; sourceTree = "<group>"; };
		180155E91F45BA5200B5D867 /* Info.plist */ = {isa = PBXFileReference; lastKnownFileType = text.plist.xml; path = Info.plist; sourceTree = "<group>"; };
		180155F51F45C0A200B5D867 /* RuteTabBarController.swift */ = {isa = PBXFileReference; fileEncoding = 4; lastKnownFileType = sourcecode.swift; path = RuteTabBarController.swift; sourceTree = "<group>"; };
		180155F71F45C44600B5D867 /* LeftViewController.swift */ = {isa = PBXFileReference; fileEncoding = 4; lastKnownFileType = sourcecode.swift; path = LeftViewController.swift; sourceTree = "<group>"; };
		180155F91F45C45E00B5D867 /* MiddleViewController.swift */ = {isa = PBXFileReference; fileEncoding = 4; lastKnownFileType = sourcecode.swift; path = MiddleViewController.swift; sourceTree = "<group>"; };
		180155FB1F45C47500B5D867 /* RightViewController.swift */ = {isa = PBXFileReference; fileEncoding = 4; lastKnownFileType = sourcecode.swift; path = RightViewController.swift; sourceTree = "<group>"; };
		180155FD1F45CE7900B5D867 /* SettingViewController.swift */ = {isa = PBXFileReference; fileEncoding = 4; lastKnownFileType = sourcecode.swift; path = SettingViewController.swift; sourceTree = "<group>"; };
/* End PBXFileReference section */

/* Begin PBXFrameworksBuildPhase section */
		180155C11F45BA5100B5D867 /* Frameworks */ = {
			isa = PBXFrameworksBuildPhase;
			buildActionMask = 2147483647;
			files = (
			);
			runOnlyForDeploymentPostprocessing = 0;
		};
		180155D51F45BA5200B5D867 /* Frameworks */ = {
			isa = PBXFrameworksBuildPhase;
			buildActionMask = 2147483647;
			files = (
			);
			runOnlyForDeploymentPostprocessing = 0;
		};
		180155E01F45BA5200B5D867 /* Frameworks */ = {
			isa = PBXFrameworksBuildPhase;
			buildActionMask = 2147483647;
			files = (
			);
			runOnlyForDeploymentPostprocessing = 0;
		};
/* End PBXFrameworksBuildPhase section */

/* Begin PBXGroup section */
		180155BB1F45BA5100B5D867 = {
			isa = PBXGroup;
			children = (
				180155C61F45BA5100B5D867 /* Chat */,
				180155DB1F45BA5200B5D867 /* ChatTests */,
				180155E61F45BA5200B5D867 /* ChatUITests */,
				180155C51F45BA5100B5D867 /* Products */,
			);
			sourceTree = "<group>";
		};
		180155C51F45BA5100B5D867 /* Products */ = {
			isa = PBXGroup;
			children = (
				180155C41F45BA5100B5D867 /* Chat.app */,
				180155D81F45BA5200B5D867 /* ChatTests.xctest */,
				180155E31F45BA5200B5D867 /* ChatUITests.xctest */,
			);
			name = Products;
			sourceTree = "<group>";
		};
		180155C61F45BA5100B5D867 /* Chat */ = {
			isa = PBXGroup;
			children = (
				180155C71F45BA5100B5D867 /* AppDelegate.swift */,
				180155C91F45BA5100B5D867 /* ViewController.swift */,
				180155CB1F45BA5100B5D867 /* Main.storyboard */,
				180155FD1F45CE7900B5D867 /* SettingViewController.swift */,
				180155FB1F45C47500B5D867 /* RightViewController.swift */,
				180155F91F45C45E00B5D867 /* MiddleViewController.swift */,
				180155F71F45C44600B5D867 /* LeftViewController.swift */,
				180155F51F45C0A200B5D867 /* RuteTabBarController.swift */,
				180155CE1F45BA5100B5D867 /* Assets.xcassets */,
				180155D01F45BA5100B5D867 /* LaunchScreen.storyboard */,
				180155D31F45BA5100B5D867 /* Info.plist */,
			);
			path = Chat;
			sourceTree = "<group>";
		};
		180155DB1F45BA5200B5D867 /* ChatTests */ = {
			isa = PBXGroup;
			children = (
				180155DC1F45BA5200B5D867 /* ChatTests.swift */,
				180155DE1F45BA5200B5D867 /* Info.plist */,
			);
			path = ChatTests;
			sourceTree = "<group>";
		};
		180155E61F45BA5200B5D867 /* ChatUITests */ = {
			isa = PBXGroup;
			children = (
				180155E71F45BA5200B5D867 /* ChatUITests.swift */,
				180155E91F45BA5200B5D867 /* Info.plist */,
			);
			path = ChatUITests;
			sourceTree = "<group>";
		};
/* End PBXGroup section */

/* Begin PBXNativeTarget section */
		180155C31F45BA5100B5D867 /* Chat */ = {
			isa = PBXNativeTarget;
			buildConfigurationList = 180155EC1F45BA5200B5D867 /* Build configuration list for PBXNativeTarget "Chat" */;
			buildPhases = (
				180155C01F45BA5100B5D867 /* Sources */,
				180155C11F45BA5100B5D867 /* Frameworks */,
				180155C21F45BA5100B5D867 /* Resources */,
			);
			buildRules = (
			);
			dependencies = (
			);
			name = Chat;
			productName = Chat;
			productReference = 180155C41F45BA5100B5D867 /* Chat.app */;
			productType = "com.apple.product-type.application";
		};
		180155D71F45BA5200B5D867 /* ChatTests */ = {
			isa = PBXNativeTarget;
			buildConfigurationList = 180155EF1F45BA5200B5D867 /* Build configuration list for PBXNativeTarget "ChatTests" */;
			buildPhases = (
				180155D41F45BA5200B5D867 /* Sources */,
				180155D51F45BA5200B5D867 /* Frameworks */,
				180155D61F45BA5200B5D867 /* Resources */,
			);
			buildRules = (
			);
			dependencies = (
				180155DA1F45BA5200B5D867 /* PBXTargetDependency */,
			);
			name = ChatTests;
			productName = ChatTests;
			productReference = 180155D81F45BA5200B5D867 /* ChatTests.xctest */;
			productType = "com.apple.product-type.bundle.unit-test";
		};
		180155E21F45BA5200B5D867 /* ChatUITests */ = {
			isa = PBXNativeTarget;
			buildConfigurationList = 180155F21F45BA5200B5D867 /* Build configuration list for PBXNativeTarget "ChatUITests" */;
			buildPhases = (
				180155DF1F45BA5200B5D867 /* Sources */,
				180155E01F45BA5200B5D867 /* Frameworks */,
				180155E11F45BA5200B5D867 /* Resources */,
			);
			buildRules = (
			);
			dependencies = (
				180155E51F45BA5200B5D867 /* PBXTargetDependency */,
			);
			name = ChatUITests;
			productName = ChatUITests;
			productReference = 180155E31F45BA5200B5D867 /* ChatUITests.xctest */;
			productType = "com.apple.product-type.bundle.ui-testing";
		};
/* End PBXNativeTarget section */

/* Begin PBXProject section */
		180155BC1F45BA5100B5D867 /* Project object */ = {
			isa = PBXProject;
			attributes = {
				LastSwiftUpdateCheck = 0830;
				LastUpgradeCheck = 0830;
				TargetAttributes = {
					180155C31F45BA5100B5D867 = {
						CreatedOnToolsVersion = 8.3.3;
						ProvisioningStyle = Automatic;
					};
					180155D71F45BA5200B5D867 = {
						CreatedOnToolsVersion = 8.3.3;
						ProvisioningStyle = Automatic;
						TestTargetID = 180155C31F45BA5100B5D867;
					};
					180155E21F45BA5200B5D867 = {
						CreatedOnToolsVersion = 8.3.3;
						ProvisioningStyle = Automatic;
						TestTargetID = 180155C31F45BA5100B5D867;
					};
				};
			};
			buildConfigurationList = 180155BF1F45BA5100B5D867 /* Build configuration list for PBXProject "Chat" */;
			compatibilityVersion = "Xcode 3.2";
			developmentRegion = English;
			hasScannedForEncodings = 0;
			knownRegions = (
				en,
				Base,
			);
			mainGroup = 180155BB1F45BA5100B5D867;
			productRefGroup = 180155C51F45BA5100B5D867 /* Products */;
			projectDirPath = "";
			projectRoot = "";
			targets = (
				180155C31F45BA5100B5D867 /* Chat */,
				180155D71F45BA5200B5D867 /* ChatTests */,
				180155E21F45BA5200B5D867 /* ChatUITests */,
			);
		};
/* End PBXProject section */

/* Begin PBXResourcesBuildPhase section */
		180155C21F45BA5100B5D867 /* Resources */ = {
			isa = PBXResourcesBuildPhase;
			buildActionMask = 2147483647;
			files = (
				180155D21F45BA5100B5D867 /* LaunchScreen.storyboard in Resources */,
				180155CF1F45BA5100B5D867 /* Assets.xcassets in Resources */,
				180155CD1F45BA5100B5D867 /* Main.storyboard in Resources */,
			);
			runOnlyForDeploymentPostprocessing = 0;
		};
		180155D61F45BA5200B5D867 /* Resources */ = {
			isa = PBXResourcesBuildPhase;
			buildActionMask = 2147483647;
			files = (
			);
			runOnlyForDeploymentPostprocessing = 0;
		};
		180155E11F45BA5200B5D867 /* Resources */ = {
			isa = PBXResourcesBuildPhase;
			buildActionMask = 2147483647;
			files = (
			);
			runOnlyForDeploymentPostprocessing = 0;
		};
/* End PBXResourcesBuildPhase section */

/* Begin PBXSourcesBuildPhase section */
		180155C01F45BA5100B5D867 /* Sources */ = {
			isa = PBXSourcesBuildPhase;
			buildActionMask = 2147483647;
			files = (
				180155FA1F45C45E00B5D867 /* MiddleViewController.swift in Sources */,
				180155CA1F45BA5100B5D867 /* ViewController.swift in Sources */,
				180155F81F45C44600B5D867 /* LeftViewController.swift in Sources */,
				180155F61F45C0A200B5D867 /* RuteTabBarController.swift in Sources */,
				180155C81F45BA5100B5D867 /* AppDelegate.swift in Sources */,
				180155FE1F45CE7900B5D867 /* SettingViewController.swift in Sources */,
				180155FC1F45C47500B5D867 /* RightViewController.swift in Sources */,
			);
			runOnlyForDeploymentPostprocessing = 0;
		};
		180155D41F45BA5200B5D867 /* Sources */ = {
			isa = PBXSourcesBuildPhase;
			buildActionMask = 2147483647;
			files = (
				180155DD1F45BA5200B5D867 /* ChatTests.swift in Sources */,
			);
			runOnlyForDeploymentPostprocessing = 0;
		};
		180155DF1F45BA5200B5D867 /* Sources */ = {
			isa = PBXSourcesBuildPhase;
			buildActionMask = 2147483647;
			files = (
				180155E81F45BA5200B5D867 /* ChatUITests.swift in Sources */,
			);
			runOnlyForDeploymentPostprocessing = 0;
		};
/* End PBXSourcesBuildPhase section */

/* Begin PBXTargetDependency section */
		180155DA1F45BA5200B5D867 /* PBXTargetDependency */ = {
			isa = PBXTargetDependency;
			target = 180155C31F45BA5100B5D867 /* Chat */;
			targetProxy = 180155D91F45BA5200B5D867 /* PBXContainerItemProxy */;
		};
		180155E51F45BA5200B5D867 /* PBXTargetDependency */ = {
			isa = PBXTargetDependency;
			target = 180155C31F45BA5100B5D867 /* Chat */;
			targetProxy = 180155E41F45BA5200B5D867 /* PBXContainerItemProxy */;
		};
/* End PBXTargetDependency section */

/* Begin PBXVariantGroup section */
		180155CB1F45BA5100B5D867 /* Main.storyboard */ = {
			isa = PBXVariantGroup;
			children = (
				180155CC1F45BA5100B5D867 /* Base */,
			);
			name = Main.storyboard;
			sourceTree = "<group>";
		};
		180155D01F45BA5100B5D867 /* LaunchScreen.storyboard */ = {
			isa = PBXVariantGroup;
			children = (
				180155D11F45BA5100B5D867 /* Base */,
			);
			name = LaunchScreen.storyboard;
			sourceTree = "<group>";
		};
/* End PBXVariantGroup section */

/* Begin XCBuildConfiguration section */
		180155EA1F45BA5200B5D867 /* Debug */ = {
			isa = XCBuildConfiguration;
			buildSettings = {
				ALWAYS_SEARCH_USER_PATHS = NO;
				CLANG_ANALYZER_NONNULL = YES;
				CLANG_ANALYZER_NUMBER_OBJECT_CONVERSION = YES_AGGRESSIVE;
				CLANG_CXX_LANGUAGE_STANDARD = "gnu++0x";
				CLANG_CXX_LIBRARY = "libc++";
				CLANG_ENABLE_MODULES = YES;
				CLANG_ENABLE_OBJC_ARC = YES;
				CLANG_WARN_BOOL_CONVERSION = YES;
				CLANG_WARN_CONSTANT_CONVERSION = YES;
				CLANG_WARN_DIRECT_OBJC_ISA_USAGE = YES_ERROR;
				CLANG_WARN_DOCUMENTATION_COMMENTS = YES;
				CLANG_WARN_EMPTY_BODY = YES;
				CLANG_WARN_ENUM_CONVERSION = YES;
				CLANG_WARN_INFINITE_RECURSION = YES;
				CLANG_WARN_INT_CONVERSION = YES;
				CLANG_WARN_OBJC_ROOT_CLASS = YES_ERROR;
				CLANG_WARN_SUSPICIOUS_MOVE = YES;
				CLANG_WARN_UNREACHABLE_CODE = YES;
				CLANG_WARN__DUPLICATE_METHOD_MATCH = YES;
				"CODE_SIGN_IDENTITY[sdk=iphoneos*]" = "iPhone Developer";
				COPY_PHASE_STRIP = NO;
				DEBUG_INFORMATION_FORMAT = dwarf;
				ENABLE_STRICT_OBJC_MSGSEND = YES;
				ENABLE_TESTABILITY = YES;
				GCC_C_LANGUAGE_STANDARD = gnu99;
				GCC_DYNAMIC_NO_PIC = NO;
				GCC_NO_COMMON_BLOCKS = YES;
				GCC_OPTIMIZATION_LEVEL = 0;
				GCC_PREPROCESSOR_DEFINITIONS = (
					"DEBUG=1",
					"$(inherited)",
				);
				GCC_WARN_64_TO_32_BIT_CONVERSION = YES;
				GCC_WARN_ABOUT_RETURN_TYPE = YES_ERROR;
				GCC_WARN_UNDECLARED_SELECTOR = YES;
				GCC_WARN_UNINITIALIZED_AUTOS = YES_AGGRESSIVE;
				GCC_WARN_UNUSED_FUNCTION = YES;
				GCC_WARN_UNUSED_VARIABLE = YES;
				IPHONEOS_DEPLOYMENT_TARGET = 10.3;
				MTL_ENABLE_DEBUG_INFO = YES;
				ONLY_ACTIVE_ARCH = YES;
				SDKROOT = iphoneos;
				SWIFT_ACTIVE_COMPILATION_CONDITIONS = DEBUG;
				SWIFT_OPTIMIZATION_LEVEL = "-Onone";
			};
			name = Debug;
		};
		180155EB1F45BA5200B5D867 /* Release */ = {
			isa = XCBuildConfiguration;
			buildSettings = {
				ALWAYS_SEARCH_USER_PATHS = NO;
				CLANG_ANALYZER_NONNULL = YES;
				CLANG_ANALYZER_NUMBER_OBJECT_CONVERSION = YES_AGGRESSIVE;
				CLANG_CXX_LANGUAGE_STANDARD = "gnu++0x";
				CLANG_CXX_LIBRARY = "libc++";
				CLANG_ENABLE_MODULES = YES;
				CLANG_ENABLE_OBJC_ARC = YES;
				CLANG_WARN_BOOL_CONVERSION = YES;
				CLANG_WARN_CONSTANT_CONVERSION = YES;
				CLANG_WARN_DIRECT_OBJC_ISA_USAGE = YES_ERROR;
				CLANG_WARN_DOCUMENTATION_COMMENTS = YES;
				CLANG_WARN_EMPTY_BODY = YES;
				CLANG_WARN_ENUM_CONVERSION = YES;
				CLANG_WARN_INFINITE_RECURSION = YES;
				CLANG_WARN_INT_CONVERSION = YES;
				CLANG_WARN_OBJC_ROOT_CLASS = YES_ERROR;
				CLANG_WARN_SUSPICIOUS_MOVE = YES;
				CLANG_WARN_UNREACHABLE_CODE = YES;
				CLANG_WARN__DUPLICATE_METHOD_MATCH = YES;
				"CODE_SIGN_IDENTITY[sdk=iphoneos*]" = "iPhone Developer";
				COPY_PHASE_STRIP = NO;
				DEBUG_INFORMATION_FORMAT = "dwarf-with-dsym";
				ENABLE_NS_ASSERTIONS = NO;
				ENABLE_STRICT_OBJC_MSGSEND = YES;
				GCC_C_LANGUAGE_STANDARD = gnu99;
				GCC_NO_COMMON_BLOCKS = YES;
				GCC_WARN_64_TO_32_BIT_CONVERSION = YES;
				GCC_WARN_ABOUT_RETURN_TYPE = YES_ERROR;
				GCC_WARN_UNDECLARED_SELECTOR = YES;
				GCC_WARN_UNINITIALIZED_AUTOS = YES_AGGRESSIVE;
				GCC_WARN_UNUSED_FUNCTION = YES;
				GCC_WARN_UNUSED_VARIABLE = YES;
				IPHONEOS_DEPLOYMENT_TARGET = 10.3;
				MTL_ENABLE_DEBUG_INFO = NO;
				SDKROOT = iphoneos;
				SWIFT_OPTIMIZATION_LEVEL = "-Owholemodule";
				VALIDATE_PRODUCT = YES;
			};
			name = Release;
		};
		180155ED1F45BA5200B5D867 /* Debug */ = {
			isa = XCBuildConfiguration;
			buildSettings = {
				ASSETCATALOG_COMPILER_APPICON_NAME = AppIcon;
				INFOPLIST_FILE = Chat/Info.plist;
				LD_RUNPATH_SEARCH_PATHS = "$(inherited) @executable_path/Frameworks";
				PRODUCT_BUNDLE_IDENTIFIER = ohno.Chat;
				PRODUCT_NAME = "$(TARGET_NAME)";
				SWIFT_VERSION = 3.0;
			};
			name = Debug;
		};
		180155EE1F45BA5200B5D867 /* Release */ = {
			isa = XCBuildConfiguration;
			buildSettings = {
				ASSETCATALOG_COMPILER_APPICON_NAME = AppIcon;
				INFOPLIST_FILE = Chat/Info.plist;
				LD_RUNPATH_SEARCH_PATHS = "$(inherited) @executable_path/Frameworks";
				PRODUCT_BUNDLE_IDENTIFIER = ohno.Chat;
				PRODUCT_NAME = "$(TARGET_NAME)";
				SWIFT_VERSION = 3.0;
			};
			name = Release;
		};
		180155F01F45BA5200B5D867 /* Debug */ = {
			isa = XCBuildConfiguration;
			buildSettings = {
				ALWAYS_EMBED_SWIFT_STANDARD_LIBRARIES = YES;
				BUNDLE_LOADER = "$(TEST_HOST)";
				INFOPLIST_FILE = ChatTests/Info.plist;
				LD_RUNPATH_SEARCH_PATHS = "$(inherited) @executable_path/Frameworks @loader_path/Frameworks";
				PRODUCT_BUNDLE_IDENTIFIER = ohno.ChatTests;
				PRODUCT_NAME = "$(TARGET_NAME)";
				SWIFT_VERSION = 3.0;
				TEST_HOST = "$(BUILT_PRODUCTS_DIR)/Chat.app/Chat";
			};
			name = Debug;
		};
		180155F11F45BA5200B5D867 /* Release */ = {
			isa = XCBuildConfiguration;
			buildSettings = {
				ALWAYS_EMBED_SWIFT_STANDARD_LIBRARIES = YES;
				BUNDLE_LOADER = "$(TEST_HOST)";
				INFOPLIST_FILE = ChatTests/Info.plist;
				LD_RUNPATH_SEARCH_PATHS = "$(inherited) @executable_path/Frameworks @loader_path/Frameworks";
				PRODUCT_BUNDLE_IDENTIFIER = ohno.ChatTests;
				PRODUCT_NAME = "$(TARGET_NAME)";
				SWIFT_VERSION = 3.0;
				TEST_HOST = "$(BUILT_PRODUCTS_DIR)/Chat.app/Chat";
			};
			name = Release;
		};
		180155F31F45BA5200B5D867 /* Debug */ = {
			isa = XCBuildConfiguration;
			buildSettings = {
				ALWAYS_EMBED_SWIFT_STANDARD_LIBRARIES = YES;
				INFOPLIST_FILE = ChatUITests/Info.plist;
				LD_RUNPATH_SEARCH_PATHS = "$(inherited) @executable_path/Frameworks @loader_path/Frameworks";
				PRODUCT_BUNDLE_IDENTIFIER = ohno.ChatUITests;
				PRODUCT_NAME = "$(TARGET_NAME)";
				SWIFT_VERSION = 3.0;
				TEST_TARGET_NAME = Chat;
			};
			name = Debug;
		};
		180155F41F45BA5200B5D867 /* Release */ = {
			isa = XCBuildConfiguration;
			buildSettings = {
				ALWAYS_EMBED_SWIFT_STANDARD_LIBRARIES = YES;
				INFOPLIST_FILE = ChatUITests/Info.plist;
				LD_RUNPATH_SEARCH_PATHS = "$(inherited) @executable_path/Frameworks @loader_path/Frameworks";
				PRODUCT_BUNDLE_IDENTIFIER = ohno.ChatUITests;
				PRODUCT_NAME = "$(TARGET_NAME)";
				SWIFT_VERSION = 3.0;
				TEST_TARGET_NAME = Chat;
			};
			name = Release;
		};
/* End XCBuildConfiguration section */

/* Begin XCConfigurationList section */
		180155BF1F45BA5100B5D867 /* Build configuration list for PBXProject "Chat" */ = {
			isa = XCConfigurationList;
			buildConfigurations = (
				180155EA1F45BA5200B5D867 /* Debug */,
				180155EB1F45BA5200B5D867 /* Release */,
			);
			defaultConfigurationIsVisible = 0;
			defaultConfigurationName = Release;
		};
		180155EC1F45BA5200B5D867 /* Build configuration list for PBXNativeTarget "Chat" */ = {
			isa = XCConfigurationList;
			buildConfigurations = (
				180155ED1F45BA5200B5D867 /* Debug */,
				180155EE1F45BA5200B5D867 /* Release */,
			);
			defaultConfigurationIsVisible = 0;
		};
		180155EF1F45BA5200B5D867 /* Build configuration list for PBXNativeTarget "ChatTests" */ = {
			isa = XCConfigurationList;
			buildConfigurations = (
				180155F01F45BA5200B5D867 /* Debug */,
				180155F11F45BA5200B5D867 /* Release */,
			);
			defaultConfigurationIsVisible = 0;
		};
		180155F21F45BA5200B5D867 /* Build configuration list for PBXNativeTarget "ChatUITests" */ = {
			isa = XCConfigurationList;
			buildConfigurations = (
				180155F31F45BA5200B5D867 /* Debug */,
				180155F41F45BA5200B5D867 /* Release */,
			);
			defaultConfigurationIsVisible = 0;
		};
/* End XCConfigurationList section */
	};
	rootObject = 180155BC1F45BA5100B5D867 /* Project object */;
}
